// !$*UTF8*$!
{
	archiveVersion = 1;
	classes = {
	};
	objectVersion = 56;
	objects = {

/* Begin PBXBuildFile section */
		39CBD8DA2AFE070C008DBC1A /* AppDelegate.m in Sources */ = {isa = PBXBuildFile; fileRef = 39CBD8D92AFE070C008DBC1A /* AppDelegate.m */; };
		39CBD8DD2AFE070C008DBC1A /* SceneDelegate.m in Sources */ = {isa = PBXBuildFile; fileRef = 39CBD8DC2AFE070C008DBC1A /* SceneDelegate.m */; };
		39CBD8E02AFE070C008DBC1A /* ViewController.m in Sources */ = {isa = PBXBuildFile; fileRef = 39CBD8DF2AFE070C008DBC1A /* ViewController.m */; };
		39CBD8E32AFE070C008DBC1A /* Main.storyboard in Resources */ = {isa = PBXBuildFile; fileRef = 39CBD8E12AFE070C008DBC1A /* Main.storyboard */; };
		39CBD8E52AFE070E008DBC1A /* Assets.xcassets in Resources */ = {isa = PBXBuildFile; fileRef = 39CBD8E42AFE070E008DBC1A /* Assets.xcassets */; };
		39CBD8E82AFE070E008DBC1A /* LaunchScreen.storyboard in Resources */ = {isa = PBXBuildFile; fileRef = 39CBD8E62AFE070E008DBC1A /* LaunchScreen.storyboard */; };
		39CBD8EB2AFE070E008DBC1A /* main.m in Sources */ = {isa = PBXBuildFile; fileRef = 39CBD8EA2AFE070E008DBC1A /* main.m */; };
/* End PBXBuildFile section */

/* Begin PBXFileReference section */
		39CBD8D52AFE070C008DBC1A /* SpeechToText.app */ = {isa = PBXFileReference; explicitFileType = wrapper.application; includeInIndex = 0; path = SpeechToText.app; sourceTree = BUILT_PRODUCTS_DIR; };
		39CBD8D82AFE070C008DBC1A /* AppDelegate.h */ = {isa = PBXFileReference; lastKnownFileType = sourcecode.c.h; path = AppDelegate.h; sourceTree = "<group>"; };
		39CBD8D92AFE070C008DBC1A /* AppDelegate.m */ = {isa = PBXFileReference; lastKnownFileType = sourcecode.c.objc; path = AppDelegate.m; sourceTree = "<group>"; };
		39CBD8DB2AFE070C008DBC1A /* SceneDelegate.h */ = {isa = PBXFileReference; lastKnownFileType = sourcecode.c.h; path = SceneDelegate.h; sourceTree = "<group>"; };
		39CBD8DC2AFE070C008DBC1A /* SceneDelegate.m */ = {isa = PBXFileReference; lastKnownFileType = sourcecode.c.objc; path = SceneDelegate.m; sourceTree = "<group>"; };
		39CBD8DE2AFE070C008DBC1A /* ViewController.h */ = {isa = PBXFileReference; lastKnownFileType = sourcecode.c.h; path = ViewController.h; sourceTree = "<group>"; };
		39CBD8DF2AFE070C008DBC1A /* ViewController.m */ = {isa = PBXFileReference; lastKnownFileType = sourcecode.c.objc; path = ViewController.m; sourceTree = "<group>"; };
		39CBD8E22AFE070C008DBC1A /* Base */ = {isa = PBXFileReference; lastKnownFileType = file.storyboard; name = Base; path = Base.lproj/Main.storyboard; sourceTree = "<group>"; };
		39CBD8E42AFE070E008DBC1A /* Assets.xcassets */ = {isa = PBXFileReference; lastKnownFileType = folder.assetcatalog; path = Assets.xcassets; sourceTree = "<group>"; };
		39CBD8E72AFE070E008DBC1A /* Base */ = {isa = PBXFileReference; lastKnownFileType = file.storyboard; name = Base; path = Base.lproj/LaunchScreen.storyboard; sourceTree = "<group>"; };
		39CBD8E92AFE070E008DBC1A /* Info.plist */ = {isa = PBXFileReference; lastKnownFileType = text.plist.xml; path = Info.plist; sourceTree = "<group>"; };
		39CBD8EA2AFE070E008DBC1A /* main.m */ = {isa = PBXFileReference; lastKnownFileType = sourcecode.c.objc; path = main.m; sourceTree = "<group>"; };
/* End PBXFileReference section */

/* Begin PBXFrameworksBuildPhase section */
		39CBD8D22AFE070C008DBC1A /* Frameworks */ = {
			isa = PBXFrameworksBuildPhase;
			buildActionMask = 2147483647;
			files = (
			);
			runOnlyForDeploymentPostprocessing = 0;
		};
/* End PBXFrameworksBuildPhase section */

/* Begin PBXGroup section */
		39CBD8CC2AFE070C008DBC1A = {
			isa = PBXGroup;
			children = (
				39CBD8D72AFE070C008DBC1A /* SpeechToText */,
				39CBD8D62AFE070C008DBC1A /* Products */,
			);
			sourceTree = "<group>";
		};
		39CBD8D62AFE070C008DBC1A /* Products */ = {
			isa = PBXGroup;
			children = (
				39CBD8D52AFE070C008DBC1A /* SpeechToText.app */,
			);
			name = Products;
			sourceTree = "<group>";
		};
		39CBD8D72AFE070C008DBC1A /* SpeechToText */ = {
			isa = PBXGroup;
			children = (
				39CBD8D82AFE070C008DBC1A /* AppDelegate.h */,
				39CBD8D92AFE070C008DBC1A /* AppDelegate.m */,
				39CBD8DB2AFE070C008DBC1A /* SceneDelegate.h */,
				39CBD8DC2AFE070C008DBC1A /* SceneDelegate.m */,
				39CBD8DE2AFE070C008DBC1A /* ViewController.h */,
				39CBD8DF2AFE070C008DBC1A /* ViewController.m */,
				39CBD8E12AFE070C008DBC1A /* Main.storyboard */,
				39CBD8E42AFE070E008DBC1A /* Assets.xcassets */,
				39CBD8E62AFE070E008DBC1A /* LaunchScreen.storyboard */,
				39CBD8E92AFE070E008DBC1A /* Info.plist */,
				39CBD8EA2AFE070E008DBC1A /* main.m */,
			);
			path = SpeechToText;
			sourceTree = "<group>";
		};
/* End PBXGroup section */

/* Begin PBXNativeTarget section */
		39CBD8D42AFE070C008DBC1A /* SpeechToText */ = {
			isa = PBXNativeTarget;
			buildConfigurationList = 39CBD8EE2AFE070E008DBC1A /* Build configuration list for PBXNativeTarget "SpeechToText" */;
			buildPhases = (
				39CBD8D12AFE070C008DBC1A /* Sources */,
				39CBD8D22AFE070C008DBC1A /* Frameworks */,
				39CBD8D32AFE070C008DBC1A /* Resources */,
			);
			buildRules = (
			);
			dependencies = (
			);
			name = SpeechToText;
			productName = SpeechToText;
			productReference = 39CBD8D52AFE070C008DBC1A /* SpeechToText.app */;
			productType = "com.apple.product-type.application";
		};
/* End PBXNativeTarget section */

/* Begin PBXProject section */
		39CBD8CD2AFE070C008DBC1A /* Project object */ = {
			isa = PBXProject;
			attributes = {
				BuildIndependentTargetsInParallel = 1;
				LastUpgradeCheck = 1430;
				TargetAttributes = {
					39CBD8D42AFE070C008DBC1A = {
						CreatedOnToolsVersion = 14.3.1;
					};
				};
			};
			buildConfigurationList = 39CBD8D02AFE070C008DBC1A /* Build configuration list for PBXProject "SpeechToText" */;
			compatibilityVersion = "Xcode 14.0";
			developmentRegion = en;
			hasScannedForEncodings = 0;
			knownRegions = (
				en,
				Base,
			);
			mainGroup = 39CBD8CC2AFE070C008DBC1A;
			productRefGroup = 39CBD8D62AFE070C008DBC1A /* Products */;
			projectDirPath = "";
			projectRoot = "";
			targets = (
				39CBD8D42AFE070C008DBC1A /* SpeechToText */,
			);
		};
/* End PBXProject section */

/* Begin PBXResourcesBuildPhase section */
		39CBD8D32AFE070C008DBC1A /* Resources */ = {
			isa = PBXResourcesBuildPhase;
			buildActionMask = 2147483647;
			files = (
				39CBD8E82AFE070E008DBC1A /* LaunchScreen.storyboard in Resources */,
				39CBD8E52AFE070E008DBC1A /* Assets.xcassets in Resources */,
				39CBD8E32AFE070C008DBC1A /* Main.storyboard in Resources */,
			);
			runOnlyForDeploymentPostprocessing = 0;
		};
/* End PBXResourcesBuildPhase section */

/* Begin PBXSourcesBuildPhase section */
		39CBD8D12AFE070C008DBC1A /* Sources */ = {
			isa = PBXSourcesBuildPhase;
			buildActionMask = 2147483647;
			files = (
				39CBD8E02AFE070C008DBC1A /* ViewController.m in Sources */,
				39CBD8DA2AFE070C008DBC1A /* AppDelegate.m in Sources */,
				39CBD8EB2AFE070E008DBC1A /* main.m in Sources */,
				39CBD8DD2AFE070C008DBC1A /* SceneDelegate.m in Sources */,
			);
			runOnlyForDeploymentPostprocessing = 0;
		};
/* End PBXSourcesBuildPhase section */

/* Begin PBXVariantGroup section */
		39CBD8E12AFE070C008DBC1A /* Main.storyboard */ = {
			isa = PBXVariantGroup;
			children = (
				39CBD8E22AFE070C008DBC1A /* Base */,
			);
			name = Main.storyboard;
			sourceTree = "<group>";
		};
		39CBD8E62AFE070E008DBC1A /* LaunchScreen.storyboard */ = {
			isa = PBXVariantGroup;
			children = (
				39CBD8E72AFE070E008DBC1A /* Base */,
			);
			name = LaunchScreen.storyboard;
			sourceTree = "<group>";
		};
/* End PBXVariantGroup section */

/* Begin XCBuildConfiguration section */
		39CBD8EC2AFE070E008DBC1A /* Debug */ = {
			isa = XCBuildConfiguration;
			buildSettings = {
				ALWAYS_SEARCH_USER_PATHS = NO;
				CLANG_ANALYZER_NONNULL = YES;
				CLANG_ANALYZER_NUMBER_OBJECT_CONVERSION = YES_AGGRESSIVE;
				CLANG_CXX_LANGUAGE_STANDARD = "gnu++20";
				CLANG_ENABLE_MODULES = YES;
				CLANG_ENABLE_OBJC_ARC = YES;
				CLANG_ENABLE_OBJC_WEAK = YES;
				CLANG_WARN_BLOCK_CAPTURE_AUTORELEASING = YES;
				CLANG_WARN_BOOL_CONVERSION = YES;
				CLANG_WARN_COMMA = YES;
				CLANG_WARN_CONSTANT_CONVERSION = YES;
				CLANG_WARN_DEPRECATED_OBJC_IMPLEMENTATIONS = YES;
				CLANG_WARN_DIRECT_OBJC_ISA_USAGE = YES_ERROR;
				CLANG_WARN_DOCUMENTATION_COMMENTS = YES;
				CLANG_WARN_EMPTY_BODY = YES;
				CLANG_WARN_ENUM_CONVERSION = YES;
				CLANG_WARN_INFINITE_RECURSION = YES;
				CLANG_WARN_INT_CONVERSION = YES;
				CLANG_WARN_NON_LITERAL_NULL_CONVERSION = YES;
				CLANG_WARN_OBJC_IMPLICIT_RETAIN_SELF = YES;
				CLANG_WARN_OBJC_LITERAL_CONVERSION = YES;
				CLANG_WARN_OBJC_ROOT_CLASS = YES_ERROR;
				CLANG_WARN_QUOTED_INCLUDE_IN_FRAMEWORK_HEADER = YES;
				CLANG_WARN_RANGE_LOOP_ANALYSIS = YES;
				CLANG_WARN_STRICT_PROTOTYPES = YES;
				CLANG_WARN_SUSPICIOUS_MOVE = YES;
				CLANG_WARN_UNGUARDED_AVAILABILITY = YES_AGGRESSIVE;
				CLANG_WARN_UNREACHABLE_CODE = YES;
				CLANG_WARN__DUPLICATE_METHOD_MATCH = YES;
				COPY_PHASE_STRIP = NO;
				DEBUG_INFORMATION_FORMAT = dwarf;
				ENABLE_STRICT_OBJC_MSGSEND = YES;
				ENABLE_TESTABILITY = YES;
				GCC_C_LANGUAGE_STANDARD = gnu11;
				GCC_DYNAMIC_NO_PIC = NO;
				GCC_NO_COMMON_BLOCKS = YES;
				GCC_OPTIMIZATION_LEVEL = 0;
				GCC_PREPROCESSOR_DEFINITIONS = (
					"DEBUG=1",
					"$(inherited)",
				);
				GCC_WARN_64_TO_32_BIT_CONVERSION = YES;
				GCC_WARN_ABOUT_RETURN_TYPE = YES_ERROR;
				GCC_WARN_UNDECLARED_SELECTOR = YES;
				GCC_WARN_UNINITIALIZED_AUTOS = YES_AGGRESSIVE;
				GCC_WARN_UNUSED_FUNCTION = YES;
				GCC_WARN_UNUSED_VARIABLE = YES;
				IPHONEOS_DEPLOYMENT_TARGET = 16.4;
				MTL_ENABLE_DEBUG_INFO = INCLUDE_SOURCE;
				MTL_FAST_MATH = YES;
				ONLY_ACTIVE_ARCH = YES;
				SDKROOT = iphoneos;
			};
			name = Debug;
		};
		39CBD8ED2AFE070E008DBC1A /* Release */ = {
			isa = XCBuildConfiguration;
			buildSettings = {
				ALWAYS_SEARCH_USER_PATHS = NO;
				CLANG_ANALYZER_NONNULL = YES;
				CLANG_ANALYZER_NUMBER_OBJECT_CONVERSION = YES_AGGRESSIVE;
				CLANG_CXX_LANGUAGE_STANDARD = "gnu++20";
				CLANG_ENABLE_MODULES = YES;
				CLANG_ENABLE_OBJC_ARC = YES;
				CLANG_ENABLE_OBJC_WEAK = YES;
				CLANG_WARN_BLOCK_CAPTURE_AUTORELEASING = YES;
				CLANG_WARN_BOOL_CONVERSION = YES;
				CLANG_WARN_COMMA = YES;
				CLANG_WARN_CONSTANT_CONVERSION = YES;
				CLANG_WARN_DEPRECATED_OBJC_IMPLEMENTATIONS = YES;
				CLANG_WARN_DIRECT_OBJC_ISA_USAGE = YES_ERROR;
				CLANG_WARN_DOCUMENTATION_COMMENTS = YES;
				CLANG_WARN_EMPTY_BODY = YES;
				CLANG_WARN_ENUM_CONVERSION = YES;
				CLANG_WARN_INFINITE_RECURSION = YES;
				CLANG_WARN_INT_CONVERSION = YES;
				CLANG_WARN_NON_LITERAL_NULL_CONVERSION = YES;
				CLANG_WARN_OBJC_IMPLICIT_RETAIN_SELF = YES;
				CLANG_WARN_OBJC_LITERAL_CONVERSION = YES;
				CLANG_WARN_OBJC_ROOT_CLASS = YES_ERROR;
				CLANG_WARN_QUOTED_INCLUDE_IN_FRAMEWORK_HEADER = YES;
				CLANG_WARN_RANGE_LOOP_ANALYSIS = YES;
				CLANG_WARN_STRICT_PROTOTYPES = YES;
				CLANG_WARN_SUSPICIOUS_MOVE = YES;
				CLANG_WARN_UNGUARDED_AVAILABILITY = YES_AGGRESSIVE;
				CLANG_WARN_UNREACHABLE_CODE = YES;
				CLANG_WARN__DUPLICATE_METHOD_MATCH = YES;
				COPY_PHASE_STRIP = NO;
				DEBUG_INFORMATION_FORMAT = "dwarf-with-dsym";
				ENABLE_NS_ASSERTIONS = NO;
				ENABLE_STRICT_OBJC_MSGSEND = YES;
				GCC_C_LANGUAGE_STANDARD = gnu11;
				GCC_NO_COMMON_BLOCKS = YES;
				GCC_WARN_64_TO_32_BIT_CONVERSION = YES;
				GCC_WARN_ABOUT_RETURN_TYPE = YES_ERROR;
				GCC_WARN_UNDECLARED_SELECTOR = YES;
				GCC_WARN_UNINITIALIZED_AUTOS = YES_AGGRESSIVE;
				GCC_WARN_UNUSED_FUNCTION = YES;
				GCC_WARN_UNUSED_VARIABLE = YES;
				IPHONEOS_DEPLOYMENT_TARGET = 16.4;
				MTL_ENABLE_DEBUG_INFO = NO;
				MTL_FAST_MATH = YES;
				SDKROOT = iphoneos;
				VALIDATE_PRODUCT = YES;
			};
			name = Release;
		};
		39CBD8EF2AFE070E008DBC1A /* Debug */ = {
			isa = XCBuildConfiguration;
			buildSettings = {
				ASSETCATALOG_COMPILER_APPICON_NAME = AppIcon;
				ASSETCATALOG_COMPILER_GLOBAL_ACCENT_COLOR_NAME = AccentColor;
				CODE_SIGN_STYLE = Automatic;
				CURRENT_PROJECT_VERSION = 1;
				GENERATE_INFOPLIST_FILE = YES;
				INFOPLIST_FILE = SpeechToText/Info.plist;
				INFOPLIST_KEY_UIApplicationSupportsIndirectInputEvents = YES;
				INFOPLIST_KEY_UILaunchStoryboardName = LaunchScreen;
				INFOPLIST_KEY_UIMainStoryboardFile = Main;
				INFOPLIST_KEY_UISupportedInterfaceOrientations_iPad = "UIInterfaceOrientationPortrait UIInterfaceOrientationPortraitUpsideDown UIInterfaceOrientationLandscapeLeft UIInterfaceOrientationLandscapeRight";
				INFOPLIST_KEY_UISupportedInterfaceOrientations_iPhone = "UIInterfaceOrientationPortrait UIInterfaceOrientationLandscapeLeft UIInterfaceOrientationLandscapeRight";
				LD_RUNPATH_SEARCH_PATHS = (
					"$(inherited)",
					"@executable_path/Frameworks",
				);
				MARKETING_VERSION = 1.0;
				PRODUCT_BUNDLE_IDENTIFIER = com.zhoubo.SpeechToText;
				PRODUCT_NAME = "$(TARGET_NAME)";
				SWIFT_EMIT_LOC_STRINGS = YES;
				TARGETED_DEVICE_FAMILY = "1,2";
			};
			name = Debug;
		};
		39CBD8F02AFE070E008DBC1A /* Release */ = {
			isa = XCBuildConfiguration;
			buildSettings = {
				ASSETCATALOG_COMPILER_APPICON_NAME = AppIcon;
				ASSETCATALOG_COMPILER_GLOBAL_ACCENT_COLOR_NAME = AccentColor;
				CODE_SIGN_STYLE = Automatic;
				CURRENT_PROJECT_VERSION = 1;
				GENERATE_INFOPLIST_FILE = YES;
				INFOPLIST_FILE = SpeechToText/Info.plist;
				INFOPLIST_KEY_UIApplicationSupportsIndirectInputEvents = YES;
				INFOPLIST_KEY_UILaunchStoryboardName = LaunchScreen;
				INFOPLIST_KEY_UIMainStoryboardFile = Main;
				INFOPLIST_KEY_UISupportedInterfaceOrientations_iPad = "UIInterfaceOrientationPortrait UIInterfaceOrientationPortraitUpsideDown UIInterfaceOrientationLandscapeLeft UIInterfaceOrientationLandscapeRight";
				INFOPLIST_KEY_UISupportedInterfaceOrientations_iPhone = "UIInterfaceOrientationPortrait UIInterfaceOrientationLandscapeLeft UIInterfaceOrientationLandscapeRight";
				LD_RUNPATH_SEARCH_PATHS = (
					"$(inherited)",
					"@executable_path/Frameworks",
				);
				MARKETING_VERSION = 1.0;
				PRODUCT_BUNDLE_IDENTIFIER = com.zhoubo.SpeechToText;
				PRODUCT_NAME = "$(TARGET_NAME)";
				SWIFT_EMIT_LOC_STRINGS = YES;
				TARGETED_DEVICE_FAMILY = "1,2";
			};
			name = Release;
		};
/* End XCBuildConfiguration section */

/* Begin XCConfigurationList section */
		39CBD8D02AFE070C008DBC1A /* Build configuration list for PBXProject "SpeechToText" */ = {
			isa = XCConfigurationList;
			buildConfigurations = (
				39CBD8EC2AFE070E008DBC1A /* Debug */,
				39CBD8ED2AFE070E008DBC1A /* Release */,
			);
			defaultConfigurationIsVisible = 0;
			defaultConfigurationName = Release;
		};
		39CBD8EE2AFE070E008DBC1A /* Build configuration list for PBXNativeTarget "SpeechToText" */ = {
			isa = XCConfigurationList;
			buildConfigurations = (
				39CBD8EF2AFE070E008DBC1A /* Debug */,
				39CBD8F02AFE070E008DBC1A /* Release */,
			);
			defaultConfigurationIsVisible = 0;
			defaultConfigurationName = Release;
		};
/* End XCConfigurationList section */
	};
	rootObject = 39CBD8CD2AFE070C008DBC1A /* Project object */;
}
